
Microsoft Visual Studio Solution File, Format Version 12.00
# Visual Studio for Mac
Project("{FAE04EC0-301F-11D3-BF4B-00C04F79EFBC}") = "Assembly-CSharp", "Assembly-CSharp.csproj", "{2D57BA6B-EB6A-7A37-9AC1-B29849793B19}"
EndProject
Project("{FAE04EC0-301F-11D3-BF4B-00C04F79EFBC}") = "Assembly-CSharp-firstpass", "Assembly-CSharp-firstpass.csproj", "{D6E5CB6E-F326-8063-FE31-C09D91D8EC62}"
EndProject
Project("{FAE04EC0-301F-11D3-BF4B-00C04F79EFBC}") = "Assembly-CSharp-Editor-firstpass", "Assembly-CSharp-Editor-firstpass.csproj", "{4D06CDFC-13A0-4CC5-577A-5F413D4E0B2C}"
EndProject
Project("{FAE04EC0-301F-11D3-BF4B-00C04F79EFBC}") = "Assembly-CSharp-Editor", "Assembly-CSharp-Editor.csproj", "{0231351E-4B20-A282-0C4C-0FEAF0E05B15}"
EndProject
Global
	GlobalSection(SolutionConfigurationPlatforms) = preSolution
		Debug|Any CPU = Debug|Any CPU
		Release|Any CPU = Release|Any CPU
	EndGlobalSection
	GlobalSection(ProjectConfigurationPlatforms) = postSolution
		{2D57BA6B-EB6A-7A37-9AC1-B29849793B19}.Debug|Any CPU.ActiveCfg = Debug|Any CPU
		{2D57BA6B-EB6A-7A37-9AC1-B29849793B19}.Debug|Any CPU.Build.0 = Debug|Any CPU
		{2D57BA6B-EB6A-7A37-9AC1-B29849793B19}.Release|Any CPU.ActiveCfg = Release|Any CPU
		{2D57BA6B-EB6A-7A37-9AC1-B29849793B19}.Release|Any CPU.Build.0 = Release|Any CPU
		{D6E5CB6E-F326-8063-FE31-C09D91D8EC62}.Debug|Any CPU.ActiveCfg = Debug|Any CPU
		{D6E5CB6E-F326-8063-FE31-C09D91D8EC62}.Debug|Any CPU.Build.0 = Debug|Any CPU
		{D6E5CB6E-F326-8063-FE31-C09D91D8EC62}.Release|Any CPU.ActiveCfg = Release|Any CPU
		{D6E5CB6E-F326-8063-FE31-C09D91D8EC62}.Release|Any CPU.Build.0 = Release|Any CPU
		{4D06CDFC-13A0-4CC5-577A-5F413D4E0B2C}.Debug|Any CPU.ActiveCfg = Debug|Any CPU
		{4D06CDFC-13A0-4CC5-577A-5F413D4E0B2C}.Debug|Any CPU.Build.0 = Debug|Any CPU
		{4D06CDFC-13A0-4CC5-577A-5F413D4E0B2C}.Release|Any CPU.ActiveCfg = Release|Any CPU
		{4D06CDFC-13A0-4CC5-577A-5F413D4E0B2C}.Release|Any CPU.Build.0 = Release|Any CPU
		{0231351E-4B20-A282-0C4C-0FEAF0E05B15}.Debug|Any CPU.ActiveCfg = Debug|Any CPU
		{0231351E-4B20-A282-0C4C-0FEAF0E05B15}.Debug|Any CPU.Build.0 = Debug|Any CPU
		{0231351E-4B20-A282-0C4C-0FEAF0E05B15}.Release|Any CPU.ActiveCfg = Release|Any CPU
		{0231351E-4B20-A282-0C4C-0FEAF0E05B15}.Release|Any CPU.Build.0 = Release|Any CPU
	EndGlobalSection
	GlobalSection(SolutionProperties) = preSolution
		HideSolutionNode = FALSE
	EndGlobalSection
	GlobalSection(MonoDevelopProperties) = preSolution
		StartupItem = Assembly-CSharp.csproj
	EndGlobalSection
EndGlobal
